
Microsoft Visual Studio Solution File, Format Version 12.00
Project("{2150E333-8FDC-42A3-9474-1A3956D46DE8}") = "Backend", "Backend", "{06648482-C40C-4520-9625-311F8BD641B5}"
EndProject
Project("{2150E333-8FDC-42A3-9474-1A3956D46DE8}") = "Frontend", "Frontend", "{BF28C8A5-9883-40F1-9209-86E5C0FB0B21}"
EndProject
Project("{2150E333-8FDC-42A3-9474-1A3956D46DE8}") = "Shared", "Shared", "{F0A2904A-BADD-4899-9131-CD51B78D57A6}"
EndProject
Project("{FAE04EC0-301F-11D3-BF4B-00C04F79EFBC}") = "Shared", "Shared\Src\Shared\Shared.csproj", "{BABBAD01-DAC7-4686-A2DB-D3D028243065}"
EndProject
Project("{2150E333-8FDC-42A3-9474-1A3956D46DE8}") = "Core", "Core", "{3635F7DE-CC50-42EF-91AE-0D1AF505D1D2}"
EndProject
Project("{2150E333-8FDC-42A3-9474-1A3956D46DE8}") = "Infrastructure", "Infrastructure", "{6F65558E-9A7F-47B2-BE6D-E6E5965C4361}"
EndProject
Project("{2150E333-8FDC-42A3-9474-1A3956D46DE8}") = "Server", "Server", "{6CA6A013-27EE-485C-B9E4-0BD7002779E2}"
EndProject
Project("{FAE04EC0-301F-11D3-BF4B-00C04F79EFBC}") = "Domain", "Backend\Src\Domain\Domain.csproj", "{F8CC5C1F-44F5-4F73-8F06-2343F2E71A88}"
EndProject
Project("{FAE04EC0-301F-11D3-BF4B-00C04F79EFBC}") = "Application", "Backend\Src\Application\Application.csproj", "{A0A18BA5-3E71-4E51-B27C-9E364DCB1493}"
EndProject
Project("{FAE04EC0-301F-11D3-BF4B-00C04F79EFBC}") = "Infrastructure", "Backend\Src\Infrastructure\Infrastructure.csproj", "{8F189700-6C5A-4313-BC9B-B14DA6E87F72}"
EndProject
Project("{FAE04EC0-301F-11D3-BF4B-00C04F79EFBC}") = "Server", "Backend\Src\Server\Server.csproj", "{D43BC6E8-A432-4C8A-BDF4-A1FDD37337F2}"
EndProject
Project("{2150E333-8FDC-42A3-9474-1A3956D46DE8}") = "Client", "Client", "{92CD8DA5-A2B5-4DF6-A94E-E28A35CB4B87}"
EndProject
Project("{FAE04EC0-301F-11D3-BF4B-00C04F79EFBC}") = "Client", "Frontend\Src\Client\Client.csproj", "{C2699934-3464-4F1D-A0BB-E1EE107EE467}"
EndProject
Project("{FAE04EC0-301F-11D3-BF4B-00C04F79EFBC}") = "Client.Infrastructure", "Frontend\Src\Client.Infrastructure\Client.Infrastructure.csproj", "{72AECAA9-D348-4301-8129-098E69E80024}"
EndProject
Global
	GlobalSection(SolutionConfigurationPlatforms) = preSolution
		Debug|Any CPU = Debug|Any CPU
		Release|Any CPU = Release|Any CPU
	EndGlobalSection
	GlobalSection(NestedProjects) = preSolution
		{BABBAD01-DAC7-4686-A2DB-D3D028243065} = {F0A2904A-BADD-4899-9131-CD51B78D57A6}
		{3635F7DE-CC50-42EF-91AE-0D1AF505D1D2} = {06648482-C40C-4520-9625-311F8BD641B5}
		{6F65558E-9A7F-47B2-BE6D-E6E5965C4361} = {06648482-C40C-4520-9625-311F8BD641B5}
		{6CA6A013-27EE-485C-B9E4-0BD7002779E2} = {06648482-C40C-4520-9625-311F8BD641B5}
		{F8CC5C1F-44F5-4F73-8F06-2343F2E71A88} = {3635F7DE-CC50-42EF-91AE-0D1AF505D1D2}
		{A0A18BA5-3E71-4E51-B27C-9E364DCB1493} = {3635F7DE-CC50-42EF-91AE-0D1AF505D1D2}
		{8F189700-6C5A-4313-BC9B-B14DA6E87F72} = {6F65558E-9A7F-47B2-BE6D-E6E5965C4361}
		{D43BC6E8-A432-4C8A-BDF4-A1FDD37337F2} = {6CA6A013-27EE-485C-B9E4-0BD7002779E2}
		{92CD8DA5-A2B5-4DF6-A94E-E28A35CB4B87} = {BF28C8A5-9883-40F1-9209-86E5C0FB0B21}
		{C2699934-3464-4F1D-A0BB-E1EE107EE467} = {92CD8DA5-A2B5-4DF6-A94E-E28A35CB4B87}
		{72AECAA9-D348-4301-8129-098E69E80024} = {92CD8DA5-A2B5-4DF6-A94E-E28A35CB4B87}
	EndGlobalSection
	GlobalSection(ProjectConfigurationPlatforms) = postSolution
		{BABBAD01-DAC7-4686-A2DB-D3D028243065}.Debug|Any CPU.ActiveCfg = Debug|Any CPU
		{BABBAD01-DAC7-4686-A2DB-D3D028243065}.Debug|Any CPU.Build.0 = Debug|Any CPU
		{BABBAD01-DAC7-4686-A2DB-D3D028243065}.Release|Any CPU.ActiveCfg = Release|Any CPU
		{BABBAD01-DAC7-4686-A2DB-D3D028243065}.Release|Any CPU.Build.0 = Release|Any CPU
		{F8CC5C1F-44F5-4F73-8F06-2343F2E71A88}.Debug|Any CPU.ActiveCfg = Debug|Any CPU
		{F8CC5C1F-44F5-4F73-8F06-2343F2E71A88}.Debug|Any CPU.Build.0 = Debug|Any CPU
		{F8CC5C1F-44F5-4F73-8F06-2343F2E71A88}.Release|Any CPU.ActiveCfg = Release|Any CPU
		{F8CC5C1F-44F5-4F73-8F06-2343F2E71A88}.Release|Any CPU.Build.0 = Release|Any CPU
		{A0A18BA5-3E71-4E51-B27C-9E364DCB1493}.Debug|Any CPU.ActiveCfg = Debug|Any CPU
		{A0A18BA5-3E71-4E51-B27C-9E364DCB1493}.Debug|Any CPU.Build.0 = Debug|Any CPU
		{A0A18BA5-3E71-4E51-B27C-9E364DCB1493}.Release|Any CPU.ActiveCfg = Release|Any CPU
		{A0A18BA5-3E71-4E51-B27C-9E364DCB1493}.Release|Any CPU.Build.0 = Release|Any CPU
		{8F189700-6C5A-4313-BC9B-B14DA6E87F72}.Debug|Any CPU.ActiveCfg = Debug|Any CPU
		{8F189700-6C5A-4313-BC9B-B14DA6E87F72}.Debug|Any CPU.Build.0 = Debug|Any CPU
		{8F189700-6C5A-4313-BC9B-B14DA6E87F72}.Release|Any CPU.ActiveCfg = Release|Any CPU
		{8F189700-6C5A-4313-BC9B-B14DA6E87F72}.Release|Any CPU.Build.0 = Release|Any CPU
		{D43BC6E8-A432-4C8A-BDF4-A1FDD37337F2}.Debug|Any CPU.ActiveCfg = Debug|Any CPU
		{D43BC6E8-A432-4C8A-BDF4-A1FDD37337F2}.Debug|Any CPU.Build.0 = Debug|Any CPU
		{D43BC6E8-A432-4C8A-BDF4-A1FDD37337F2}.Release|Any CPU.ActiveCfg = Release|Any CPU
		{D43BC6E8-A432-4C8A-BDF4-A1FDD37337F2}.Release|Any CPU.Build.0 = Release|Any CPU
		{C2699934-3464-4F1D-A0BB-E1EE107EE467}.Debug|Any CPU.ActiveCfg = Debug|Any CPU
		{C2699934-3464-4F1D-A0BB-E1EE107EE467}.Debug|Any CPU.Build.0 = Debug|Any CPU
		{C2699934-3464-4F1D-A0BB-E1EE107EE467}.Release|Any CPU.ActiveCfg = Release|Any CPU
		{C2699934-3464-4F1D-A0BB-E1EE107EE467}.Release|Any CPU.Build.0 = Release|Any CPU
		{72AECAA9-D348-4301-8129-098E69E80024}.Debug|Any CPU.ActiveCfg = Debug|Any CPU
		{72AECAA9-D348-4301-8129-098E69E80024}.Debug|Any CPU.Build.0 = Debug|Any CPU
		{72AECAA9-D348-4301-8129-098E69E80024}.Release|Any CPU.ActiveCfg = Release|Any CPU
		{72AECAA9-D348-4301-8129-098E69E80024}.Release|Any CPU.Build.0 = Release|Any CPU
	EndGlobalSection
EndGlobal
